{
  "R": {
    "Version": "4.6.1",
    "Repositories": [
      {
        "Name": "CRAN",
        "URL": "https://cloud.r-project.org"
      }
    ]
  },
  "Packages": {
    "R6": {
      "Package": "R6",
      "Version": "2.6.1",
      "Source": "Repository",
      "Repository": "CRAN",
      "Requirements": [
        "R"
      ],
      "Hash": "d4335fe7207f1c01ab8c41762f5840d4"
    },
    "Rcpp": {
      "Package": "Rcpp",
      "Version": "1.1.2",
      "Source": "Repository",
      "Repository": "CRAN",
      "Requirements": [
        "R",
        "methods",
        "utils"
      ],
      "Hash": "f481f89daa906a34eab8ef8658c8a89c"
    },
    "askpass": {
      "Package": "askpass",
      "Version": "1.2.1",
      "Source": "Repository",
      "Repository": "CRAN",
      "Requirements": [
        "sys"
      ],
      "Hash": "c39f4155b3ceb1a9a2799d700fbd4b6a"
    },
    "assertthat": {
      "Package": "assertthat",
      "Version": "0.2.1",
      "Source": "Repository",
      "Repository": "CRAN",
      "Requirements": [
        "tools"
      ],
      "Hash": "50c838a310445e954bc13f26f26a6ecf"
    },
    "base64enc": {
      "Package": "base64enc",
      "Version": "0.1-6",
      "Source": "Repository",
      "Repository": "CRAN",
      "Requirements": [
        "R"
      ],
      "Hash": "5edb675b7baa6e9a0d86dd2c28de1676"
    },
    "bookdown": {
      "Package": "bookdown",
      "Version": "0.47",
      "Source": "Repository",
      "Repository": "CRAN",
      "Requirements": [
        "R",
        "htmltools",
        "jquerylib",
        "knitr",
        "rmarkdown",
        "tinytex",
        "xfun",
        "yaml"
      ],
      "Hash": "8c7d79b102e6beb6c37699f87e2996a5"
    },
    "bslib": {
      "Package": "bslib",
      "Version": "0.12.0",
      "Source": "Repository",
      "Repository": "CRAN",
      "Requirements": [
        "R",
        "base64enc",
        "cachem",
        "fastmap",
        "grDevices",
        "htmltools",
        "jquerylib",
        "jsonlite",
        "lifecycle",
        "memoise",
        "mime",
        "rlang",
        "sass"
      ],
      "Hash": "b2d0b0a17142ed4858f252d88eb56223"
    },
    "cachem": {
      "Package": "cachem",
      "Version": "1.1.0",
      "Source": "Repository",
      "Repository": "CRAN",
      "Requirements": [
        "fastmap",
        "rlang"
      ],
      "Hash": "cd9a672193789068eb5a2aad65a0dedf"
    },
    "cli": {
      "Package": "cli",
      "Version": "3.6.6",
      "Source": "Repository",
      "Repository": "CRAN",
      "Requirements": [
        "R",
        "utils"
      ],
      "Hash": "a73d822b669d443ff8de6928f9c49850"
    },
    "curl": {
      "Package": "curl",
      "Version": "8.0.0",
      "Source": "Repository",
      "Repository": "CRAN",
      "Requirements": [
        "R"
      ],
      "Hash": "6b0b58d319e1cfbc7565adef80027f9f"
    },
    "digest": {
      "Package": "digest",
      "Version": "0.6.39",
      "Source": "Repository",
      "Repository": "CRAN",
      "Requirements": [
        "R",
        "utils"
      ],
      "Hash": "d18028e978a88b2b16ef8d400cb49adf"
    },
    "evaluate": {
      "Package": "evaluate",
      "Version": "1.0.5",
      "Source": "Repository",
      "Repository": "CRAN",
      "Requirements": [
        "R"
      ],
      "Hash": "94cf2c54237f6841cee68e3ba4ab5a14"
    },
    "fastmap": {
      "Package": "fastmap",
      "Version": "1.2.0",
      "Source": "Repository",
      "Repository": "CRAN",
      "Hash": "aa5e1cd11c2d15497494c5292d7ffcc8"
    },
    "fontawesome": {
      "Package": "fontawesome",
      "Version": "0.5.3",
      "Source": "Repository",
      "Repository": "CRAN",
      "Requirements": [
        "R",
        "htmltools",
        "rlang"
      ],
      "Hash": "bd1297f9b5b1fc1372d19e2c4cd82215"
    },
    "fs": {
      "Package": "fs",
      "Version": "2.1.0",
      "Source": "Repository",
      "Repository": "CRAN",
      "Requirements": [
        "R",
        "methods"
      ],
      "Hash": "09278623bca442bc53b0940ffa2f6d87"
    },
    "glue": {
      "Package": "glue",
      "Version": "1.8.1",
      "Source": "Repository",
      "Repository": "CRAN",
      "Requirements": [
        "R",
        "methods"
      ],
      "Hash": "f8122473e9a49e00d0642f78235ca5e3"
    },
    "highr": {
      "Package": "highr",
      "Version": "0.12",
      "Source": "Repository",
      "Repository": "CRAN",
      "Requirements": [
        "R",
        "xfun"
      ],
      "Hash": "2a2f862ade01a56dcbcd60944de11255"
    },
    "htmltools": {
      "Package": "htmltools",
      "Version": "0.5.9",
      "Source": "Repository",
      "Repository": "CRAN",
      "Requirements": [
        "R",
        "base64enc",
        "digest",
        "fastmap",
        "grDevices",
        "rlang",
        "utils"
      ],
      "Hash": "102298e238c14eb830cc4b5edd23c3e8"
    },
    "httr": {
      "Package": "httr",
      "Version": "1.4.8",
      "Source": "Repository",
      "Repository": "CRAN",
      "Requirements": [
        "R",
        "R6",
        "curl",
        "jsonlite",
        "mime",
        "openssl"
      ],
      "Hash": "10bcae7793493db63a6872096132e10c"
    },
    "jquerylib": {
      "Package": "jquerylib",
      "Version": "0.1.4",
      "Source": "Repository",
      "Repository": "CRAN",
      "Requirements": [
        "htmltools"
      ],
      "Hash": "5aab57a3bd297eee1c1d862735972182"
    },
    "jsonlite": {
      "Package": "jsonlite",
      "Version": "2.0.0",
      "Source": "Repository",
      "Repository": "CRAN",
      "Requirements": [
        "methods"
      ],
      "Hash": "b0776f526d36d8bd4a3344a88fe165c4"
    },
    "knitr": {
      "Package": "knitr",
      "Version": "1.51",
      "Source": "Repository",
      "Repository": "CRAN",
      "Requirements": [
        "R",
        "evaluate",
        "highr",
        "methods",
        "tools",
        "xfun",
        "yaml"
      ],
      "Hash": "27682babb50f03b6eb7939ea69ec79ca"
    },
    "lifecycle": {
      "Package": "lifecycle",
      "Version": "1.0.5",
      "Source": "Repository",
      "Repository": "CRAN",
      "Requirements": [
        "R",
        "cli",
        "rlang"
      ],
      "Hash": "36dbfe4fba6c064db50a671a90297c85"
    },
    "magick": {
      "Package": "magick",
      "Version": "2.9.1",
      "Source": "Repository",
      "Repository": "CRAN",
      "Requirements": [
        "R",
        "Rcpp",
        "curl",
        "magrittr"
      ],
      "Hash": "08bc94aee802d6c774a48d734355e190"
    },
    "magrittr": {
      "Package": "magrittr",
      "Version": "2.0.5",
      "Source": "Repository",
      "Repository": "CRAN",
      "Requirements": [
        "R"
      ],
      "Hash": "665e77ab6e5f37a7913226d40b324e37"
    },
    "memoise": {
      "Package": "memoise",
      "Version": "2.0.1",
      "Source": "Repository",
      "Repository": "CRAN",
      "Requirements": [
        "cachem",
        "rlang"
      ],
      "Hash": "e2817ccf4a065c5d9d7f2cfbe7c1d78c"
    },
    "mime": {
      "Package": "mime",
      "Version": "0.13",
      "Source": "Repository",
      "Repository": "CRAN",
      "Requirements": [
        "tools"
      ],
      "Hash": "0ec19f34c72fab674d8f2b4b1c6410e1"
    },
    "openssl": {
      "Package": "openssl",
      "Version": "2.4.2",
      "Source": "Repository",
      "Repository": "CRAN",
      "Requirements": [
        "askpass"
      ],
      "Hash": "6994d1c3ea954f29de6aeca5da95c99d"
    },
    "rappdirs": {
      "Package": "rappdirs",
      "Version": "0.3.4",
      "Source": "Repository",
      "Repository": "CRAN",
      "Requirements": [
        "R"
      ],
      "Hash": "f146a5bfc94db048309712535d4d0aee"
    },
    "renv": {
      "Package": "renv",
      "Version": "1.2.4",
      "Source": "Repository",
      "Repository": "CRAN",
      "Requirements": [
        "utils"
      ],
      "Hash": "d5a3bd382107712f897630627794f81a"
    },
    "rlang": {
      "Package": "rlang",
      "Version": "1.3.0",
      "Source": "Repository",
      "Repository": "CRAN",
      "Requirements": [
        "R",
        "utils"
      ],
      "Hash": "8d05afdb0b0dd5ef01b306db289fe21f"
    },
    "rmarkdown": {
      "Package": "rmarkdown",
      "Version": "2.31",
      "Source": "Repository",
      "Repository": "CRAN",
      "Requirements": [
        "R",
        "bslib",
        "evaluate",
        "fontawesome",
        "htmltools",
        "jquerylib",
        "jsonlite",
        "knitr",
        "methods",
        "tinytex",
        "tools",
        "utils",
        "xfun",
        "yaml"
      ],
      "Hash": "f34039d57d861d2869cbf9be813ed08e"
    },
    "sass": {
      "Package": "sass",
      "Version": "0.4.10",
      "Source": "Repository",
      "Repository": "CRAN",
      "Requirements": [
        "R6",
        "fs",
        "htmltools",
        "rappdirs",
        "rlang"
      ],
      "Hash": "3fb78d066fb92299b1d13f6a7c9a90a8"
    },
    "stringi": {
      "Package": "stringi",
      "Version": "1.8.9",
      "Source": "Repository",
      "Repository": "CRAN",
      "Requirements": [
        "R",
        "stats",
        "tools",
        "utils"
      ],
      "Hash": "67f6c2a9e67d08e1e419ff89ad135444"
    },
    "stringr": {
      "Package": "stringr",
      "Version": "1.6.0",
      "Source": "Repository",
      "Repository": "CRAN",
      "Requirements": [
        "R",
        "cli",
        "glue",
        "lifecycle",
        "magrittr",
        "rlang",
        "stringi",
        "vctrs"
      ],
      "Hash": "d47392652eedc68bf916657347ff2526"
    },
    "sys": {
      "Package": "sys",
      "Version": "3.4.3",
      "Source": "Repository",
      "Repository": "CRAN",
      "Hash": "de342ebfebdbf40477d0758d05426646"
    },
    "tinytex": {
      "Package": "tinytex",
      "Version": "0.60",
      "Source": "Repository",
      "Repository": "CRAN",
      "Requirements": [
        "xfun"
      ],
      "Hash": "263651b52279eaa7835e44aa32f9b754"
    },
    "tufte": {
      "Package": "tufte",
      "Version": "0.15.0",
      "Source": "Repository",
      "Repository": "CRAN",
      "Requirements": [
        "htmltools",
        "knitr",
        "rmarkdown",
        "xfun"
      ],
      "Hash": "cd09997d8a2c20710bac7fda73e32813"
    },
    "vctrs": {
      "Package": "vctrs",
      "Version": "0.7.3",
      "Source": "Repository",
      "Repository": "CRAN",
      "Requirements": [
        "R",
        "cli",
        "glue",
        "lifecycle",
        "rlang"
      ],
      "Hash": "2dcde2d30d3ad67bf1d3a37177457b87"
    },
    "vembedr": {
      "Package": "vembedr",
      "Version": "0.1.5",
      "Source": "Repository",
      "Repository": "CRAN",
      "Requirements": [
        "R",
        "assertthat",
        "glue",
        "htmltools",
        "httr",
        "lifecycle",
        "magrittr",
        "stringr",
        "utils"
      ],
      "Hash": "a70fc1a38cb92dfb37402d3f920c351a"
    },
    "xfun": {
      "Package": "xfun",
      "Version": "0.60",
      "Source": "Repository",
      "Repository": "CRAN",
      "Requirements": [
        "R",
        "grDevices",
        "stats",
        "tools"
      ],
      "Hash": "8304c2894061f6ae062996f09dd1528e"
    },
    "yaml": {
      "Package": "yaml",
      "Version": "2.3.12",
      "Source": "Repository",
      "Repository": "CRAN",
      "Hash": "7cd77cb32abd9220d744307e9fc94ffb"
    }
  }
}
